// !$*UTF8*$!
{
	archiveVersion = 1;
	classes = {
	};
	objectVersion = 46;
	objects = {

/* Begin PBXBuildFile section */
		3EAE8CA91A795B7700B3BEE7 /* main.cpp in Sources */ = {isa = PBXBuildFile; fileRef = 3E82ED9A1A772C9700731681 /* main.cpp */; };
/* End PBXBuildFile section */

/* Begin PBXContainerItemProxy section */
		3E7E1DC01A79586E00C0CF0F /* PBXContainerItemProxy */ = {
			isa = PBXContainerItemProxy;
			containerPortal = 3E7E1DBC1A79586D00C0CF0F /* test.xcodeproj */;
			proxyType = 2;
			remoteGlobalIDString = 3E7E1DB21A79586D00C0CF0F;
			remoteInfo = test;
		};
/* End PBXContainerItemProxy section */

/* Begin PBXCopyFilesBuildPhase section */
		3E82ED951A772C9700731681 /* CopyFiles */ = {
			isa = PBXCopyFilesBuildPhase;
			buildActionMask = 2147483647;
			dstPath = /usr/share/man/man1/;
			dstSubfolderSpec = 0;
			files = (
			);
			runOnlyForDeploymentPostprocessing = 1;
		};
/* End PBXCopyFilesBuildPhase section */

/* Begin PBXFileReference section */
		3E7E1DBC1A79586D00C0CF0F /* test.xcodeproj */ = {isa = PBXFileReference; lastKnownFileType = "wrapper.pb-project"; name = test.xcodeproj; path = test/test.xcodeproj; sourceTree = "<group>"; };
		3E82ED971A772C9700731681 /* HW1a */ = {isa = PBXFileReference; explicitFileType = "compiled.mach-o.executable"; includeInIndex = 0; path = HW1a; sourceTree = BUILT_PRODUCTS_DIR; };
		3E82ED9A1A772C9700731681 /* main.cpp */ = {isa = PBXFileReference; lastKnownFileType = sourcecode.cpp.cpp; path = main.cpp; sourceTree = "<group>"; };
/* End PBXFileReference section */

/* Begin PBXFrameworksBuildPhase section */
		3E82ED941A772C9700731681 /* Frameworks */ = {
			isa = PBXFrameworksBuildPhase;
			buildActionMask = 2147483647;
			files = (
			);
			runOnlyForDeploymentPostprocessing = 0;
		};
/* End PBXFrameworksBuildPhase section */

/* Begin PBXGroup section */
		3E7E1DBD1A79586D00C0CF0F /* Products */ = {
			isa = PBXGroup;
			children = (
				3E7E1DC11A79586E00C0CF0F /* test */,
			);
			name = Products;
			sourceTree = "<group>";
		};
		3E82ED8E1A772C9600731681 = {
			isa = PBXGroup;
			children = (
				3E7E1DBC1A79586D00C0CF0F /* test.xcodeproj */,
				3E82ED991A772C9700731681 /* HW1a */,
				3E82ED981A772C9700731681 /* Products */,
			);
			sourceTree = "<group>";
		};
		3E82ED981A772C9700731681 /* Products */ = {
			isa = PBXGroup;
			children = (
				3E82ED971A772C9700731681 /* HW1a */,
			);
			name = Products;
			sourceTree = "<group>";
		};
		3E82ED991A772C9700731681 /* HW1a */ = {
			isa = PBXGroup;
			children = (
				3E82ED9A1A772C9700731681 /* main.cpp */,
			);
			path = HW1a;
			sourceTree = "<group>";
		};
/* End PBXGroup section */

/* Begin PBXNativeTarget section */
		3E82ED961A772C9700731681 /* HW1a */ = {
			isa = PBXNativeTarget;
			buildConfigurationList = 3E82ED9E1A772C9700731681 /* Build configuration list for PBXNativeTarget "HW1a" */;
			buildPhases = (
				3E82ED931A772C9700731681 /* Sources */,
				3E82ED941A772C9700731681 /* Frameworks */,
				3E82ED951A772C9700731681 /* CopyFiles */,
			);
			buildRules = (
			);
			dependencies = (
			);
			name = HW1a;
			productName = HW1a;
			productReference = 3E82ED971A772C9700731681 /* HW1a */;
			productType = "com.apple.product-type.tool";
		};
/* End PBXNativeTarget section */

/* Begin PBXProject section */
		3E82ED8F1A772C9700731681 /* Project object */ = {
			isa = PBXProject;
			attributes = {
				LastUpgradeCheck = 0610;
				ORGANIZATIONNAME = lin;
				TargetAttributes = {
					3E82ED961A772C9700731681 = {
						CreatedOnToolsVersion = 6.1.1;
					};
				};
			};
			buildConfigurationList = 3E82ED921A772C9700731681 /* Build configuration list for PBXProject "HW1a" */;
			compatibilityVersion = "Xcode 3.2";
			developmentRegion = English;
			hasScannedForEncodings = 0;
			knownRegions = (
				en,
			);
			mainGroup = 3E82ED8E1A772C9600731681;
			productRefGroup = 3E82ED981A772C9700731681 /* Products */;
			projectDirPath = "";
			projectReferences = (
				{
					ProductGroup = 3E7E1DBD1A79586D00C0CF0F /* Products */;
					ProjectRef = 3E7E1DBC1A79586D00C0CF0F /* test.xcodeproj */;
				},
			);
			projectRoot = "";
			targets = (
				3E82ED961A772C9700731681 /* HW1a */,
			);
		};
/* End PBXProject section */

/* Begin PBXReferenceProxy section */
		3E7E1DC11A79586E00C0CF0F /* test */ = {
			isa = PBXReferenceProxy;
			fileType = "compiled.mach-o.executable";
			path = test;
			remoteRef = 3E7E1DC01A79586E00C0CF0F /* PBXContainerItemProxy */;
			sourceTree = BUILT_PRODUCTS_DIR;
		};
/* End PBXReferenceProxy section */

/* Begin PBXSourcesBuildPhase section */
		3E82ED931A772C9700731681 /* Sources */ = {
			isa = PBXSourcesBuildPhase;
			buildActionMask = 2147483647;
			files = (
				3EAE8CA91A795B7700B3BEE7 /* main.cpp in Sources */,
			);
			runOnlyForDeploymentPostprocessing = 0;
		};
/* End PBXSourcesBuildPhase section */

/* Begin XCBuildConfiguration section */
		3E82ED9C1A772C9700731681 /* Debug */ = {
			isa = XCBuildConfiguration;
			buildSettings = {
				ALWAYS_SEARCH_USER_PATHS = NO;
				CLANG_CXX_LANGUAGE_STANDARD = "gnu++0x";
				CLANG_CXX_LIBRARY = "libc++";
				CLANG_ENABLE_MODULES = YES;
				CLANG_ENABLE_OBJC_ARC = YES;
				CLANG_WARN_BOOL_CONVERSION = YES;
				CLANG_WARN_CONSTANT_CONVERSION = YES;
				CLANG_WARN_DIRECT_OBJC_ISA_USAGE = YES_ERROR;
				CLANG_WARN_EMPTY_BODY = YES;
				CLANG_WARN_ENUM_CONVERSION = YES;
				CLANG_WARN_INT_CONVERSION = YES;
				CLANG_WARN_OBJC_ROOT_CLASS = YES_ERROR;
				CLANG_WARN_UNREACHABLE_CODE = YES;
				CLANG_WARN__DUPLICATE_METHOD_MATCH = YES;
				COPY_PHASE_STRIP = NO;
				ENABLE_STRICT_OBJC_MSGSEND = YES;
				GCC_C_LANGUAGE_STANDARD = gnu99;
				GCC_DYNAMIC_NO_PIC = NO;
				GCC_OPTIMIZATION_LEVEL = 0;
				GCC_PREPROCESSOR_DEFINITIONS = (
					"DEBUG=1",
					"$(inherited)",
				);
				GCC_SYMBOLS_PRIVATE_EXTERN = NO;
				GCC_WARN_64_TO_32_BIT_CONVERSION = YES;
				GCC_WARN_ABOUT_RETURN_TYPE = YES_ERROR;
				GCC_WARN_UNDECLARED_SELECTOR = YES;
				GCC_WARN_UNINITIALIZED_AUTOS = YES_AGGRESSIVE;
				GCC_WARN_UNUSED_FUNCTION = YES;
				GCC_WARN_UNUSED_VARIABLE = YES;
				MACOSX_DEPLOYMENT_TARGET = 10.10;
				MTL_ENABLE_DEBUG_INFO = YES;
				ONLY_ACTIVE_ARCH = YES;
				SDKROOT = macosx;
			};
			name = Debug;
		};
		3E82ED9D1A772C9700731681 /* Release */ = {
			isa = XCBuildConfiguration;
			buildSettings = {
				ALWAYS_SEARCH_USER_PATHS = NO;
				CLANG_CXX_LANGUAGE_STANDARD = "gnu++0x";
				CLANG_CXX_LIBRARY = "libc++";
				CLANG_ENABLE_MODULES = YES;
				CLANG_ENABLE_OBJC_ARC = YES;
				CLANG_WARN_BOOL_CONVERSION = YES;
				CLANG_WARN_CONSTANT_CONVERSION = YES;
				CLANG_WARN_DIRECT_OBJC_ISA_USAGE = YES_ERROR;
				CLANG_WARN_EMPTY_BODY = YES;
				CLANG_WARN_ENUM_CONVERSION = YES;
				CLANG_WARN_INT_CONVERSION = YES;
				CLANG_WARN_OBJC_ROOT_CLASS = YES_ERROR;
				CLANG_WARN_UNREACHABLE_CODE = YES;
				CLANG_WARN__DUPLICATE_METHOD_MATCH = YES;
				COPY_PHASE_STRIP = YES;
				DEBUG_INFORMATION_FORMAT = "dwarf-with-dsym";
				ENABLE_NS_ASSERTIONS = NO;
				ENABLE_STRICT_OBJC_MSGSEND = YES;
				GCC_C_LANGUAGE_STANDARD = gnu99;
				GCC_WARN_64_TO_32_BIT_CONVERSION = YES;
				GCC_WARN_ABOUT_RETURN_TYPE = YES_ERROR;
				GCC_WARN_UNDECLARED_SELECTOR = YES;
				GCC_WARN_UNINITIALIZED_AUTOS = YES_AGGRESSIVE;
				GCC_WARN_UNUSED_FUNCTION = YES;
				GCC_WARN_UNUSED_VARIABLE = YES;
				MACOSX_DEPLOYMENT_TARGET = 10.10;
				MTL_ENABLE_DEBUG_INFO = NO;
				SDKROOT = macosx;
			};
			name = Release;
		};
		3E82ED9F1A772C9700731681 /* Debug */ = {
			isa = XCBuildConfiguration;
			buildSettings = {
				PRODUCT_NAME = "$(TARGET_NAME)";
			};
			name = Debug;
		};
		3E82EDA01A772C9700731681 /* Release */ = {
			isa = XCBuildConfiguration;
			buildSettings = {
				PRODUCT_NAME = "$(TARGET_NAME)";
			};
			name = Release;
		};
/* End XCBuildConfiguration section */

/* Begin XCConfigurationList section */
		3E82ED921A772C9700731681 /* Build configuration list for PBXProject "HW1a" */ = {
			isa = XCConfigurationList;
			buildConfigurations = (
				3E82ED9C1A772C9700731681 /* Debug */,
				3E82ED9D1A772C9700731681 /* Release */,
			);
			defaultConfigurationIsVisible = 0;
			defaultConfigurationName = Release;
		};
		3E82ED9E1A772C9700731681 /* Build configuration list for PBXNativeTarget "HW1a" */ = {
			isa = XCConfigurationList;
			buildConfigurations = (
				3E82ED9F1A772C9700731681 /* Debug */,
				3E82EDA01A772C9700731681 /* Release */,
			);
			defaultConfigurationIsVisible = 0;
			defaultConfigurationName = Release;
		};
/* End XCConfigurationList section */
	};
	rootObject = 3E82ED8F1A772C9700731681 /* Project object */;
}
